# THIS IS AN AUTOGENERATED FILE. DO NOT EDIT THIS FILE DIRECTLY.
# yarn lockfile v1


"@babel/helper-annotate-as-pure@^7.24.6":
  version "7.24.6"
  resolved "https://registry.yarnpkg.com/@babel/helper-annotate-as-pure/-/helper-annotate-as-pure-7.24.6.tgz#517af93abc77924f9b2514c407bbef527fb8938d"
  integrity sha512-DitEzDfOMnd13kZnDqns1ccmftwJTS9DMkyn9pYTxulS7bZxUxpMly3Nf23QQ6NwA4UB8lAqjbqWtyvElEMAkg==
  dependencies:
    "@babel/types" "^7.24.6"

"@babel/helper-module-imports@^7.24.6":
  version "7.24.6"
  resolved "https://registry.yarnpkg.com/@babel/helper-module-imports/-/helper-module-imports-7.24.6.tgz#65e54ffceed6a268dc4ce11f0433b82cfff57852"
  integrity sha512-a26dmxFJBF62rRO9mmpgrfTLsAuyHk4e1hKTUkD/fcMfynt8gvEKwQPQDVxWhca8dHoDck+55DFt42zV0QMw5g==
  dependencies:
    "@babel/types" "^7.24.6"

"@babel/helper-plugin-utils@^7.24.6":
  version "7.24.6"
  resolved "https://registry.yarnpkg.com/@babel/helper-plugin-utils/-/helper-plugin-utils-7.24.6.tgz#fa02a32410a15a6e8f8185bcbf608f10528d2a24"
  integrity sha512-MZG/JcWfxybKwsA9N9PmtF2lOSFSEMVCpIRrbxccZFLJPrJciJdG/UhSh5W96GEteJI2ARqm5UAHxISwRDLSNg==

"@babel/helper-string-parser@^7.24.6":
  version "7.24.6"
  resolved "https://registry.yarnpkg.com/@babel/helper-string-parser/-/helper-string-parser-7.24.6.tgz#28583c28b15f2a3339cfafafeaad42f9a0e828df"
  integrity sha512-WdJjwMEkmBicq5T9fm/cHND3+UlFa2Yj8ALLgmoSQAJZysYbBjw+azChSGPN4DSPLXOcooGRvDwZWMcF/mLO2Q==

"@babel/helper-validator-identifier@^7.24.6":
  version "7.24.6"
  resolved "https://registry.yarnpkg.com/@babel/helper-validator-identifier/-/helper-validator-identifier-7.24.6.tgz#08bb6612b11bdec78f3feed3db196da682454a5e"
  integrity sha512-4yA7s865JHaqUdRbnaxarZREuPTHrjpDT+pXoAZ1yhyo6uFnIEpS8VMu16siFOHDpZNKYv5BObhsB//ycbICyw==

"@babel/helper-validator-option@^7.24.6":
  version "7.24.6"
  resolved "https://registry.yarnpkg.com/@babel/helper-validator-option/-/helper-validator-option-7.24.6.tgz#59d8e81c40b7d9109ab7e74457393442177f460a"
  integrity sha512-Jktc8KkF3zIkePb48QO+IapbXlSapOW9S+ogZZkcO6bABgYAxtZcjZ/O005111YLf+j4M84uEgwYoidDkXbCkQ==

"@babel/plugin-syntax-jsx@^7.24.6":
  version "7.24.6"
  resolved "https://registry.yarnpkg.com/@babel/plugin-syntax-jsx/-/plugin-syntax-jsx-7.24.6.tgz#bcca2964150437f88f65e3679e3d68762287b9c8"
  integrity sha512-lWfvAIFNWMlCsU0DRUun2GpFwZdGTukLaHJqRh1JRb80NdAP5Sb1HDHB5X9P9OtgZHQl089UzQkpYlBq2VTPRw==
  dependencies:
    "@babel/helper-plugin-utils" "^7.24.6"

"@babel/plugin-transform-react-display-name@^7.24.6":
  version "7.24.6"
  resolved "https://registry.yarnpkg.com/@babel/plugin-transform-react-display-name/-/plugin-transform-react-display-name-7.24.6.tgz#2a10c732c2c87a8f06e4413fb4a14e76e6c67a99"
  integrity sha512-/3iiEEHDsJuj9QU09gbyWGSUxDboFcD7Nj6dnHIlboWSodxXAoaY/zlNMHeYAC0WsERMqgO9a7UaM77CsYgWcg==
  dependencies:
    "@babel/helper-plugin-utils" "^7.24.6"

"@babel/plugin-transform-react-jsx-development@^7.24.6":
  version "7.24.6"
  resolved "https://registry.yarnpkg.com/@babel/plugin-transform-react-jsx-development/-/plugin-transform-react-jsx-development-7.24.6.tgz#e662058e8795b5fccd24c5bdd2b328728aef3305"
  integrity sha512-F7EsNp5StNDouSSdYyDSxh4J+xvj/JqG+Cb6s2fA+jCyHOzigG5vTwgH8tU2U8Voyiu5zCG9bAK49wTr/wPH0w==
  dependencies:
    "@babel/plugin-transform-react-jsx" "^7.24.6"

"@babel/plugin-transform-react-jsx@^7.24.6":
  version "7.24.6"
  resolved "https://registry.yarnpkg.com/@babel/plugin-transform-react-jsx/-/plugin-transform-react-jsx-7.24.6.tgz#4ca3660ca663d20095455571615d6263986cdfe4"
  integrity sha512-pCtPHhpRZHfwdA5G1Gpk5mIzMA99hv0R8S/Ket50Rw+S+8hkt3wBWqdqHaPw0CuUYxdshUgsPiLQ5fAs4ASMhw==
  dependencies:
    "@babel/helper-annotate-as-pure" "^7.24.6"
    "@babel/helper-module-imports" "^7.24.6"
    "@babel/helper-plugin-utils" "^7.24.6"
    "@babel/plugin-syntax-jsx" "^7.24.6"
    "@babel/types" "^7.24.6"

"@babel/plugin-transform-react-pure-annotations@^7.24.6":
  version "7.24.6"
  resolved "https://registry.yarnpkg.com/@babel/plugin-transform-react-pure-annotations/-/plugin-transform-react-pure-annotations-7.24.6.tgz#d2bad8d70c3635cb63a69ee66c9c891f9392435c"
  integrity sha512-0HoDQlFJJkXRyV2N+xOpUETbKHcouSwijRQbKWVtxsPoq5bbB30qZag9/pSc5xcWVYjTHlLsBsY+hZDnzQTPNw==
  dependencies:
    "@babel/helper-annotate-as-pure" "^7.24.6"
    "@babel/helper-plugin-utils" "^7.24.6"

"@babel/preset-react@^7.24.6":
  version "7.24.6"
  resolved "https://registry.yarnpkg.com/@babel/preset-react/-/preset-react-7.24.6.tgz#92eace66dce577e5263113eb82235a0d45096cae"
  integrity sha512-8mpzh1bWvmINmwM3xpz6ahu57mNaWavMm+wBNjQ4AFu1nghKBiIRET7l/Wmj4drXany/BBGjJZngICcD98F1iw==
  dependencies:
    "@babel/helper-plugin-utils" "^7.24.6"
    "@babel/helper-validator-option" "^7.24.6"
    "@babel/plugin-transform-react-display-name" "^7.24.6"
    "@babel/plugin-transform-react-jsx" "^7.24.6"
    "@babel/plugin-transform-react-jsx-development" "^7.24.6"
    "@babel/plugin-transform-react-pure-annotations" "^7.24.6"

"@babel/types@^7.24.6":
  version "7.24.6"
  resolved "https://registry.yarnpkg.com/@babel/types/-/types-7.24.6.tgz#ba4e1f59870c10dc2fa95a274ac4feec23b21912"
  integrity sha512-WaMsgi6Q8zMgMth93GvWPXkhAIEobfsIkLTacoVZoK1J0CevIPGYY2Vo5YvJGqyHqXM6P4ppOYGsIRU8MM9pFQ==
  dependencies:
    "@babel/helper-string-parser" "^7.24.6"
    "@babel/helper-validator-identifier" "^7.24.6"
    to-fast-properties "^2.0.0"

"@react-leaflet/core@^2.1.0":
  version "2.1.0"
  resolved "https://registry.yarnpkg.com/@react-leaflet/core/-/core-2.1.0.tgz#383acd31259d7c9ae8fb1b02d5e18fe613c2a13d"
  integrity sha512-Qk7Pfu8BSarKGqILj4x7bCSZ1pjuAPZ+qmRwH5S7mDS91VSbVVsJSrW4qA+GPrro8t69gFYVMWb1Zc4yFmPiVg==

"js-tokens@^3.0.0 || ^4.0.0":
  version "4.0.0"
  resolved "https://registry.yarnpkg.com/js-tokens/-/js-tokens-4.0.0.tgz#19203fb59991df98e3a287050d4647cdeaf32499"
  integrity sha512-RdJUflcE3cUzKiMqQgsCu06FPu9UdIJO0beYbPhHN4k6apgJtifcoCtT9bcxOpYBtpD2kCM6Sbzg4CausW/PKQ==

leaflet@^1.9.4:
  version "1.9.4"
  resolved "https://registry.yarnpkg.com/leaflet/-/leaflet-1.9.4.tgz#23fae724e282fa25745aff82ca4d394748db7d8d"
  integrity sha512-nxS1ynzJOmOlHp+iL3FyWqK89GtNL8U8rvlMOsQdTTssxZwCXh8N2NB3GDQOL+YR3XnWyZAxwQixURb+FA74PA==

loose-envify@^1.1.0:
  version "1.4.0"
  resolved "https://registry.yarnpkg.com/loose-envify/-/loose-envify-1.4.0.tgz#71ee51fa7be4caec1a63839f7e682d8132d30caf"
  integrity sha512-lyuxPGr/Wfhrlem2CL/UcnUc1zcqKAImBDzukY7Y5F/yQiNdko6+fRLevlw1HgMySw7f611UIY408EtxRSoK3Q==
  dependencies:
    js-tokens "^3.0.0 || ^4.0.0"

react-dom@^18.3.1:
  version "18.3.1"
  resolved "https://registry.yarnpkg.com/react-dom/-/react-dom-18.3.1.tgz#c2265d79511b57d479b3dd3fdfa51536494c5cb4"
  integrity sha512-5m4nQKp+rZRb09LNH59GM4BxTh9251/ylbKIbpe7TpGxfJ+9kv6BLkLBXIjjspbgbnIBNqlI23tRnTWT0snUIw==
  dependencies:
    loose-envify "^1.1.0"
    scheduler "^0.23.2"

react-leaflet@^4.2.1:
  version "4.2.1"
  resolved "https://registry.yarnpkg.com/react-leaflet/-/react-leaflet-4.2.1.tgz#c300e9eccaf15cb40757552e181200aa10b94780"
  integrity sha512-p9chkvhcKrWn/H/1FFeVSqLdReGwn2qmiobOQGO3BifX+/vV/39qhY8dGqbdcPh1e6jxh/QHriLXr7a4eLFK4Q==
  dependencies:
    "@react-leaflet/core" "^2.1.0"

react@^18.3.1:
  version "18.3.1"
  resolved "https://registry.yarnpkg.com/react/-/react-18.3.1.tgz#49ab892009c53933625bd16b2533fc754cab2891"
  integrity sha512-wS+hAgJShR0KhEvPJArfuPVN1+Hz1t0Y6n5jLrGQbkb4urgPE/0Rve+1kMB1v/oWgHgm4WIcV+i7F2pTVj+2iQ==
  dependencies:
    loose-envify "^1.1.0"

scheduler@^0.23.2:
  version "0.23.2"
  resolved "https://registry.yarnpkg.com/scheduler/-/scheduler-0.23.2.tgz#414ba64a3b282892e944cf2108ecc078d115cdc3"
  integrity sha512-UOShsPwz7NrMUqhR6t0hWjFduvOzbtv7toDH1/hIrfRNIDBnnBWd0CwJTGvTpngVlmwGCdP9/Zl/tVrDqcuYzQ==
  dependencies:
    loose-envify "^1.1.0"

to-fast-properties@^2.0.0:
  version "2.0.0"
  resolved "https://registry.yarnpkg.com/to-fast-properties/-/to-fast-properties-2.0.0.tgz#dc5e698cbd079265bc73e0377681a4e4e83f616e"
  integrity sha512-/OaKK0xYrs3DmxRYqL/yDc+FxFUVYhDlXMhRmv3z915w2HF1tnN1omB354j8VUGO/hbRzyD6Y3sA7v7GS/ceog==
